Microsoft Visual Studio Solution File, Format Version 8.00
Project("{FAE04EC0-301F-11D3-BF4B-00C04F79EFBC}") = "db4otutorialrunner", "db4otutorialrunner.csproj", "{B81A5332-EF7A-4F7E-A392-E99A43678CF3}"
	ProjectSection(ProjectDependencies) = postProject
	EndProjectSection
EndProject
Global
	GlobalSection(SolutionConfiguration) = preSolution
		Debug = Debug
		Release = Release
	EndGlobalSection
	GlobalSection(ProjectConfiguration) = postSolution
		{B81A5332-EF7A-4F7E-A392-E99A43678CF3}.Debug.ActiveCfg = Debug|.NET
		{B81A5332-EF7A-4F7E-A392-E99A43678CF3}.Debug.Build.0 = Debug|.NET
		{B81A5332-EF7A-4F7E-A392-E99A43678CF3}.Release.ActiveCfg = Release|.NET
		{B81A5332-EF7A-4F7E-A392-E99A43678CF3}.Release.Build.0 = Release|.NET
	EndGlobalSection
	GlobalSection(ExtensibilityGlobals) = postSolution
	EndGlobalSection
	GlobalSection(ExtensibilityAddIns) = postSolution
	EndGlobalSection
EndGlobal
