Microsoft Visual Studio Solution File, Format Version 9.00
# Visual Studio 2005
Project("{FAE04EC0-301F-11D3-BF4B-00C04F79EFBC}") = "db4o-compact-test-2005", "db4o-compact-test-2005.csproj", "{3D12D013-86A3-4BA0-8462-0825EC066863}"
EndProject
Project("{FAE04EC0-301F-11D3-BF4B-00C04F79EFBC}") = "db4o-compact-2005", "..\core\db4o-compact-2005.csproj", "{B653ADB1-F959-49E0-81CF-AD37D69CB011}"
EndProject
Project("{FAE04EC0-301F-11D3-BF4B-00C04F79EFBC}") = "db4o-compact-tools-2005", "..\tools\db4o-compact-tools-2005.csproj", "{E5C01056-B6A2-466A-89A8-4D74B2EFB1D2}"
EndProject
Project("{FAE04EC0-301F-11D3-BF4B-00C04F79EFBC}") = "Db4oUnit-compact-2005", "..\Db4oUnit\Db4oUnit-compact-2005.csproj", "{2D64B089-6BE4-426D-A4C5-5EF6E952DA76}"
EndProject
Project("{FAE04EC0-301F-11D3-BF4B-00C04F79EFBC}") = "Db4oUnit.Extensions-compact-2005", "..\Db4oUnit.Extensions\Db4oUnit.Extensions-compact-2005.csproj", "{8A7D348A-8E5C-4339-A461-398B2E46C858}"
EndProject
Global
	GlobalSection(SolutionConfigurationPlatforms) = preSolution
		Debug|Any CPU = Debug|Any CPU
		Release|Any CPU = Release|Any CPU
	EndGlobalSection
	GlobalSection(ProjectConfigurationPlatforms) = postSolution
		{3D12D013-86A3-4BA0-8462-0825EC066863}.Debug|Any CPU.ActiveCfg = Debug|Any CPU
		{3D12D013-86A3-4BA0-8462-0825EC066863}.Debug|Any CPU.Build.0 = Debug|Any CPU
		{3D12D013-86A3-4BA0-8462-0825EC066863}.Debug|Any CPU.Deploy.0 = Debug|Any CPU
		{3D12D013-86A3-4BA0-8462-0825EC066863}.Release|Any CPU.ActiveCfg = Release|Any CPU
		{3D12D013-86A3-4BA0-8462-0825EC066863}.Release|Any CPU.Build.0 = Release|Any CPU
		{3D12D013-86A3-4BA0-8462-0825EC066863}.Release|Any CPU.Deploy.0 = Release|Any CPU
		{B653ADB1-F959-49E0-81CF-AD37D69CB011}.Debug|Any CPU.ActiveCfg = Debug|Any CPU
		{B653ADB1-F959-49E0-81CF-AD37D69CB011}.Debug|Any CPU.Build.0 = Debug|Any CPU
		{B653ADB1-F959-49E0-81CF-AD37D69CB011}.Release|Any CPU.ActiveCfg = Release|Any CPU
		{B653ADB1-F959-49E0-81CF-AD37D69CB011}.Release|Any CPU.Build.0 = Release|Any CPU
		{E5C01056-B6A2-466A-89A8-4D74B2EFB1D2}.Debug|Any CPU.ActiveCfg = Debug|Any CPU
		{E5C01056-B6A2-466A-89A8-4D74B2EFB1D2}.Debug|Any CPU.Build.0 = Debug|Any CPU
		{E5C01056-B6A2-466A-89A8-4D74B2EFB1D2}.Release|Any CPU.ActiveCfg = Release|Any CPU
		{E5C01056-B6A2-466A-89A8-4D74B2EFB1D2}.Release|Any CPU.Build.0 = Release|Any CPU
		{2D64B089-6BE4-426D-A4C5-5EF6E952DA76}.Debug|Any CPU.ActiveCfg = Debug|Any CPU
		{2D64B089-6BE4-426D-A4C5-5EF6E952DA76}.Debug|Any CPU.Build.0 = Debug|Any CPU
		{2D64B089-6BE4-426D-A4C5-5EF6E952DA76}.Release|Any CPU.ActiveCfg = Release|Any CPU
		{2D64B089-6BE4-426D-A4C5-5EF6E952DA76}.Release|Any CPU.Build.0 = Release|Any CPU
		{8A7D348A-8E5C-4339-A461-398B2E46C858}.Debug|Any CPU.ActiveCfg = Debug|Any CPU
		{8A7D348A-8E5C-4339-A461-398B2E46C858}.Debug|Any CPU.Build.0 = Debug|Any CPU
		{8A7D348A-8E5C-4339-A461-398B2E46C858}.Release|Any CPU.ActiveCfg = Release|Any CPU
		{8A7D348A-8E5C-4339-A461-398B2E46C858}.Release|Any CPU.Build.0 = Release|Any CPU
	EndGlobalSection
	GlobalSection(SolutionProperties) = preSolution
		HideSolutionNode = FALSE
	EndGlobalSection
EndGlobal
