Microsoft Visual Studio Solution File, Format Version 9.00
# SharpDevelop 2.0.0.1010
Project("{FAE04EC0-301F-11D3-BF4B-00C04F79EFBC}") = "pascalcase2", "pascalcase2.csproj", "{4C5619D2-CEFC-4B6F-BB5A-7C3CC5F1040D}"
EndProject
Global
	GlobalSection(SolutionConfigurationPlatforms) = preSolution
		Debug|Any CPU = Debug|Any CPU
		Release|Any CPU = Release|Any CPU
	EndGlobalSection
	GlobalSection(ProjectConfigurationPlatforms) = postSolution
		{4C5619D2-CEFC-4B6F-BB5A-7C3CC5F1040D}.Debug|Any CPU.Build.0 = Debug|Any CPU
		{4C5619D2-CEFC-4B6F-BB5A-7C3CC5F1040D}.Debug|Any CPU.ActiveCfg = Debug|Any CPU
		{4C5619D2-CEFC-4B6F-BB5A-7C3CC5F1040D}.Release|Any CPU.Build.0 = Release|Any CPU
		{4C5619D2-CEFC-4B6F-BB5A-7C3CC5F1040D}.Release|Any CPU.ActiveCfg = Release|Any CPU
	EndGlobalSection
EndGlobal
