
Microsoft Visual Studio Solution File, Format Version 9.00
# Visual Studio 2005
Project("{FAE04EC0-301F-11D3-BF4B-00C04F79EFBC}") = "TAEnhance", "TAEnhance\TAEnhance.csproj", "{5DFB390E-85AD-498F-BF96-F978431E2DC5}"
EndProject
Global
	GlobalSection(SolutionConfigurationPlatforms) = preSolution
		Debug|Any CPU = Debug|Any CPU
		Release|Any CPU = Release|Any CPU
	EndGlobalSection
	GlobalSection(ProjectConfigurationPlatforms) = postSolution
		{5DFB390E-85AD-498F-BF96-F978431E2DC5}.Debug|Any CPU.ActiveCfg = Debug|Any CPU
		{5DFB390E-85AD-498F-BF96-F978431E2DC5}.Debug|Any CPU.Build.0 = Debug|Any CPU
		{5DFB390E-85AD-498F-BF96-F978431E2DC5}.Release|Any CPU.ActiveCfg = Release|Any CPU
		{5DFB390E-85AD-498F-BF96-F978431E2DC5}.Release|Any CPU.Build.0 = Release|Any CPU
	EndGlobalSection
	GlobalSection(SolutionProperties) = preSolution
		HideSolutionNode = FALSE
	EndGlobalSection
EndGlobal
